
Microsoft Visual Studio Solution File, Format Version 12.00
# Visual Studio Version 17
VisualStudioVersion = 17.11.35219.272
MinimumVisualStudioVersion = 10.0.40219.1
Project("{FAE04EC0-301F-11D3-BF4B-00C04F79EFBC}") = "BeezyApp", "BeezyApp\BeezyApp.csproj", "{CF644261-1009-488C-AA5C-21A8D5CD1E83}"
EndProject
Global
	GlobalSection(SolutionConfigurationPlatforms) = preSolution
		Debug|Any CPU = Debug|Any CPU
		Release|Any CPU = Release|Any CPU
	EndGlobalSection
	GlobalSection(ProjectConfigurationPlatforms) = postSolution
		{CF644261-1009-488C-AA5C-21A8D5CD1E83}.Debug|Any CPU.ActiveCfg = Debug|Any CPU
		{CF644261-1009-488C-AA5C-21A8D5CD1E83}.Debug|Any CPU.Build.0 = Debug|Any CPU
		{CF644261-1009-488C-AA5C-21A8D5CD1E83}.Debug|Any CPU.Deploy.0 = Debug|Any CPU
		{CF644261-1009-488C-AA5C-21A8D5CD1E83}.Release|Any CPU.ActiveCfg = Release|Any CPU
		{CF644261-1009-488C-AA5C-21A8D5CD1E83}.Release|Any CPU.Build.0 = Release|Any CPU
		{CF644261-1009-488C-AA5C-21A8D5CD1E83}.Release|Any CPU.Deploy.0 = Release|Any CPU
	EndGlobalSection
	GlobalSection(SolutionProperties) = preSolution
		HideSolutionNode = FALSE
	EndGlobalSection
	GlobalSection(ExtensibilityGlobals) = postSolution
		SolutionGuid = {B998AFAF-2DE5-4246-AFDA-8C13172C2A7B}
	EndGlobalSection
EndGlobal
